
Microsoft Visual Studio Solution File, Format Version 12.00
# Visual Studio 15
VisualStudioVersion = 15.0.26124.0
MinimumVisualStudioVersion = 15.0.26124.0
Project("{F2A71F9B-5D33-465A-A702-920D77279786}") = "MachineLearning", "MachineLearning\MachineLearning.fsproj", "{16ABD326-9E4F-4F77-AD98-8C0CA9BD2C8F}"
EndProject
Project("{F2A71F9B-5D33-465A-A702-920D77279786}") = "MachineLearning.Tests", "MachineLearning.Tests\MachineLearning.Tests.fsproj", "{9608FDAE-13B9-4106-B14D-0E31ACCE8FE4}"
EndProject
Global
	GlobalSection(SolutionConfigurationPlatforms) = preSolution
		Debug|Any CPU = Debug|Any CPU
		Debug|x64 = Debug|x64
		Debug|x86 = Debug|x86
		Release|Any CPU = Release|Any CPU
		Release|x64 = Release|x64
		Release|x86 = Release|x86
	EndGlobalSection
	GlobalSection(SolutionProperties) = preSolution
		HideSolutionNode = FALSE
	EndGlobalSection
	GlobalSection(ProjectConfigurationPlatforms) = postSolution
		{16ABD326-9E4F-4F77-AD98-8C0CA9BD2C8F}.Debug|Any CPU.ActiveCfg = Debug|Any CPU
		{16ABD326-9E4F-4F77-AD98-8C0CA9BD2C8F}.Debug|Any CPU.Build.0 = Debug|Any CPU
		{16ABD326-9E4F-4F77-AD98-8C0CA9BD2C8F}.Debug|x64.ActiveCfg = Debug|Any CPU
		{16ABD326-9E4F-4F77-AD98-8C0CA9BD2C8F}.Debug|x64.Build.0 = Debug|Any CPU
		{16ABD326-9E4F-4F77-AD98-8C0CA9BD2C8F}.Debug|x86.ActiveCfg = Debug|Any CPU
		{16ABD326-9E4F-4F77-AD98-8C0CA9BD2C8F}.Debug|x86.Build.0 = Debug|Any CPU
		{16ABD326-9E4F-4F77-AD98-8C0CA9BD2C8F}.Release|Any CPU.ActiveCfg = Release|Any CPU
		{16ABD326-9E4F-4F77-AD98-8C0CA9BD2C8F}.Release|Any CPU.Build.0 = Release|Any CPU
		{16ABD326-9E4F-4F77-AD98-8C0CA9BD2C8F}.Release|x64.ActiveCfg = Release|Any CPU
		{16ABD326-9E4F-4F77-AD98-8C0CA9BD2C8F}.Release|x64.Build.0 = Release|Any CPU
		{16ABD326-9E4F-4F77-AD98-8C0CA9BD2C8F}.Release|x86.ActiveCfg = Release|Any CPU
		{16ABD326-9E4F-4F77-AD98-8C0CA9BD2C8F}.Release|x86.Build.0 = Release|Any CPU
		{9608FDAE-13B9-4106-B14D-0E31ACCE8FE4}.Debug|Any CPU.ActiveCfg = Debug|Any CPU
		{9608FDAE-13B9-4106-B14D-0E31ACCE8FE4}.Debug|Any CPU.Build.0 = Debug|Any CPU
		{9608FDAE-13B9-4106-B14D-0E31ACCE8FE4}.Debug|x64.ActiveCfg = Debug|Any CPU
		{9608FDAE-13B9-4106-B14D-0E31ACCE8FE4}.Debug|x64.Build.0 = Debug|Any CPU
		{9608FDAE-13B9-4106-B14D-0E31ACCE8FE4}.Debug|x86.ActiveCfg = Debug|Any CPU
		{9608FDAE-13B9-4106-B14D-0E31ACCE8FE4}.Debug|x86.Build.0 = Debug|Any CPU
		{9608FDAE-13B9-4106-B14D-0E31ACCE8FE4}.Release|Any CPU.ActiveCfg = Release|Any CPU
		{9608FDAE-13B9-4106-B14D-0E31ACCE8FE4}.Release|Any CPU.Build.0 = Release|Any CPU
		{9608FDAE-13B9-4106-B14D-0E31ACCE8FE4}.Release|x64.ActiveCfg = Release|Any CPU
		{9608FDAE-13B9-4106-B14D-0E31ACCE8FE4}.Release|x64.Build.0 = Release|Any CPU
		{9608FDAE-13B9-4106-B14D-0E31ACCE8FE4}.Release|x86.ActiveCfg = Release|Any CPU
		{9608FDAE-13B9-4106-B14D-0E31ACCE8FE4}.Release|x86.Build.0 = Release|Any CPU
	EndGlobalSection
EndGlobal
